
Microsoft Visual Studio Solution File, Format Version 12.00
# Visual Studio Version 17
VisualStudioVersion = 17.9.34728.123
MinimumVisualStudioVersion = 10.0.40219.1
Project("{FAE04EC0-301F-11D3-BF4B-00C04F79EFBC}") = "ClaseFormsBD", "ClaseFormsBD.csproj", "{1161CE08-CACD-4BC4-8576-3607151A9851}"
EndProject
Global
	GlobalSection(SolutionConfigurationPlatforms) = preSolution
		Debug|Any CPU = Debug|Any CPU
		Release|Any CPU = Release|Any CPU
	EndGlobalSection
	GlobalSection(ProjectConfigurationPlatforms) = postSolution
		{1161CE08-CACD-4BC4-8576-3607151A9851}.Debug|Any CPU.ActiveCfg = Debug|Any CPU
		{1161CE08-CACD-4BC4-8576-3607151A9851}.Debug|Any CPU.Build.0 = Debug|Any CPU
		{1161CE08-CACD-4BC4-8576-3607151A9851}.Release|Any CPU.ActiveCfg = Release|Any CPU
		{1161CE08-CACD-4BC4-8576-3607151A9851}.Release|Any CPU.Build.0 = Release|Any CPU
	EndGlobalSection
	GlobalSection(SolutionProperties) = preSolution
		HideSolutionNode = FALSE
	EndGlobalSection
	GlobalSection(ExtensibilityGlobals) = postSolution
		SolutionGuid = {6C346A34-F32E-4C43-AE58-FF5E842BF830}
	EndGlobalSection
EndGlobal
